
Microsoft Visual Studio Solution File, Format Version 12.00
# Visual Studio Version 17
VisualStudioVersion = 17.4.33213.308
MinimumVisualStudioVersion = 10.0.40219.1
Project("{FAE04EC0-301F-11D3-BF4B-00C04F79EFBC}") = "CREAR_API", "CREAR_API.csproj", "{CE0454D1-323A-4152-B378-78524520659D}"
EndProject
Global
	GlobalSection(SolutionConfigurationPlatforms) = preSolution
		Debug|Any CPU = Debug|Any CPU
		Release|Any CPU = Release|Any CPU
	EndGlobalSection
	GlobalSection(ProjectConfigurationPlatforms) = postSolution
		{CE0454D1-323A-4152-B378-78524520659D}.Debug|Any CPU.ActiveCfg = Debug|Any CPU
		{CE0454D1-323A-4152-B378-78524520659D}.Debug|Any CPU.Build.0 = Debug|Any CPU
		{CE0454D1-323A-4152-B378-78524520659D}.Release|Any CPU.ActiveCfg = Release|Any CPU
		{CE0454D1-323A-4152-B378-78524520659D}.Release|Any CPU.Build.0 = Release|Any CPU
	EndGlobalSection
	GlobalSection(SolutionProperties) = preSolution
		HideSolutionNode = FALSE
	EndGlobalSection
	GlobalSection(ExtensibilityGlobals) = postSolution
		SolutionGuid = {0CAAF572-E995-4D23-961C-1FE485A55AFE}
	EndGlobalSection
EndGlobal
